
Microsoft Visual Studio Solution File, Format Version 12.00
# Visual Studio Version 17
VisualStudioVersion = 17.0.31903.59
MinimumVisualStudioVersion = 10.0.40219.1
Project("{2150E333-8FDC-42A3-9474-1A3956D46DE8}") = "src", "src", "{827E0CD3-B72D-47B6-A68D-7590B98EB39B}"
EndProject
Project("{FAE04EC0-301F-11D3-BF4B-00C04F79EFBC}") = "Biss.Mediator.Abstractions", "src\Biss.Mediator.Abstractions\Biss.Mediator.Abstractions.csproj", "{0517E682-22E5-4E18-897F-6FCBDB034532}"
EndProject
Project("{FAE04EC0-301F-11D3-BF4B-00C04F79EFBC}") = "Biss.Mapper.Abstractions", "src\Biss.Mapper.Abstractions\Biss.Mapper.Abstractions.csproj", "{1846A179-3163-4A87-B907-B04866E0C4E9}"
EndProject
Project("{FAE04EC0-301F-11D3-BF4B-00C04F79EFBC}") = "Biss.Mediator", "src\Biss.Mediator\Biss.Mediator.csproj", "{52F50C65-A41A-46CB-9982-789DEBB34AF2}"
EndProject
Project("{FAE04EC0-301F-11D3-BF4B-00C04F79EFBC}") = "Biss.Mapper", "src\Biss.Mapper\Biss.Mapper.csproj", "{1D6F4062-F7D7-4641-8153-4B4C49D4CAC1}"
EndProject
Project("{FAE04EC0-301F-11D3-BF4B-00C04F79EFBC}") = "Biss.Mediator.Behaviors", "src\Biss.Mediator.Behaviors\Biss.Mediator.Behaviors.csproj", "{BE6528A1-7232-4E01-8E4F-87A46FC6725E}"
EndProject
Project("{FAE04EC0-301F-11D3-BF4B-00C04F79EFBC}") = "Biss.Mediator.Extensions.DependencyInjection", "src\Biss.Mediator.Extensions.DependencyInjection\Biss.Mediator.Extensions.DependencyInjection.csproj", "{EF886431-362C-4541-930A-24468F9C6056}"
EndProject
Project("{FAE04EC0-301F-11D3-BF4B-00C04F79EFBC}") = "Biss.Mediator.Extensions.AspNetCore", "src\Biss.Mediator.Extensions.AspNetCore\Biss.Mediator.Extensions.AspNetCore.csproj", "{2F69A131-2698-4797-A5C9-93B2C55B9A54}"
EndProject
Project("{FAE04EC0-301F-11D3-BF4B-00C04F79EFBC}") = "Biss.Mapper.Extensions.DependencyInjection", "src\Biss.Mapper.Extensions.DependencyInjection\Biss.Mapper.Extensions.DependencyInjection.csproj", "{CA1F13F4-2A45-4E0B-94E0-400EB21BFB7D}"
EndProject
Project("{2150E333-8FDC-42A3-9474-1A3956D46DE8}") = "tools", "tools", "{07C2787E-EAC7-C090-1BA3-A61EC2A24D84}"
EndProject
Project("{FAE04EC0-301F-11D3-BF4B-00C04F79EFBC}") = "Biss.MigrationTools", "tools\Biss.MigrationTools\Biss.MigrationTools.csproj", "{2E239E29-E4F1-48EB-A216-F8A9E695F67A}"
EndProject
Project("{FAE04EC0-301F-11D3-BF4B-00C04F79EFBC}") = "Biss.PerformanceBenchmarks", "tools\Biss.PerformanceBenchmarks\Biss.PerformanceBenchmarks.csproj", "{F63BB005-90CB-4E58-949D-7131FABBA15A}"
EndProject
Project("{2150E333-8FDC-42A3-9474-1A3956D46DE8}") = "samples", "samples", "{5D20AA90-6969-D8BD-9DCD-8634F4692FDA}"
EndProject
Project("{FAE04EC0-301F-11D3-BF4B-00C04F79EFBC}") = "Biss.Samples.Mediator", "samples\Biss.Samples.Mediator\Biss.Samples.Mediator.csproj", "{A3C93D60-10DA-4280-80A6-B5119AFF88AB}"
EndProject
Project("{FAE04EC0-301F-11D3-BF4B-00C04F79EFBC}") = "Biss.Samples.Mapper", "samples\Biss.Samples.Mapper\Biss.Samples.Mapper.csproj", "{C1D8F173-CF5F-4766-AE18-7903C6FCF831}"
EndProject
Project("{FAE04EC0-301F-11D3-BF4B-00C04F79EFBC}") = "Biss.Samples.Integration", "samples\Biss.Samples.Integration\Biss.Samples.Integration.csproj", "{EAAF5CFE-9592-4804-B90E-F0743E75666A}"
EndProject
Project("{2150E333-8FDC-42A3-9474-1A3956D46DE8}") = "tests", "tests", "{0AB3BF05-4346-4AA6-1389-037BE0695223}"
EndProject
Project("{FAE04EC0-301F-11D3-BF4B-00C04F79EFBC}") = "Biss.Mediator.Tests", "tests\Biss.Mediator.Tests\Biss.Mediator.Tests.csproj", "{82DF17F5-25F5-4F57-9943-50B33C7203B9}"
EndProject
Project("{FAE04EC0-301F-11D3-BF4B-00C04F79EFBC}") = "Biss.Mapper.Tests", "tests\Biss.Mapper.Tests\Biss.Mapper.Tests.csproj", "{41D184CC-C638-48EC-9BF7-C60AE717AF4E}"
EndProject
Project("{FAE04EC0-301F-11D3-BF4B-00C04F79EFBC}") = "Biss.Essentials.Tests.Common", "tests\Biss.Essentials.Tests.Common\Biss.Essentials.Tests.Common.csproj", "{23403BE5-E4C0-416A-8C97-3B4257C5DB70}"
EndProject
Global
	GlobalSection(SolutionConfigurationPlatforms) = preSolution
		Debug|Any CPU = Debug|Any CPU
		Debug|x64 = Debug|x64
		Debug|x86 = Debug|x86
		Release|Any CPU = Release|Any CPU
		Release|x64 = Release|x64
		Release|x86 = Release|x86
	EndGlobalSection
	GlobalSection(ProjectConfigurationPlatforms) = postSolution
		{0517E682-22E5-4E18-897F-6FCBDB034532}.Debug|Any CPU.ActiveCfg = Debug|Any CPU
		{0517E682-22E5-4E18-897F-6FCBDB034532}.Debug|Any CPU.Build.0 = Debug|Any CPU
		{0517E682-22E5-4E18-897F-6FCBDB034532}.Debug|x64.ActiveCfg = Debug|Any CPU
		{0517E682-22E5-4E18-897F-6FCBDB034532}.Debug|x64.Build.0 = Debug|Any CPU
		{0517E682-22E5-4E18-897F-6FCBDB034532}.Debug|x86.ActiveCfg = Debug|Any CPU
		{0517E682-22E5-4E18-897F-6FCBDB034532}.Debug|x86.Build.0 = Debug|Any CPU
		{0517E682-22E5-4E18-897F-6FCBDB034532}.Release|Any CPU.ActiveCfg = Release|Any CPU
		{0517E682-22E5-4E18-897F-6FCBDB034532}.Release|Any CPU.Build.0 = Release|Any CPU
		{0517E682-22E5-4E18-897F-6FCBDB034532}.Release|x64.ActiveCfg = Release|Any CPU
		{0517E682-22E5-4E18-897F-6FCBDB034532}.Release|x64.Build.0 = Release|Any CPU
		{0517E682-22E5-4E18-897F-6FCBDB034532}.Release|x86.ActiveCfg = Release|Any CPU
		{0517E682-22E5-4E18-897F-6FCBDB034532}.Release|x86.Build.0 = Release|Any CPU
		{1846A179-3163-4A87-B907-B04866E0C4E9}.Debug|Any CPU.ActiveCfg = Debug|Any CPU
		{1846A179-3163-4A87-B907-B04866E0C4E9}.Debug|Any CPU.Build.0 = Debug|Any CPU
		{1846A179-3163-4A87-B907-B04866E0C4E9}.Debug|x64.ActiveCfg = Debug|Any CPU
		{1846A179-3163-4A87-B907-B04866E0C4E9}.Debug|x64.Build.0 = Debug|Any CPU
		{1846A179-3163-4A87-B907-B04866E0C4E9}.Debug|x86.ActiveCfg = Debug|Any CPU
		{1846A179-3163-4A87-B907-B04866E0C4E9}.Debug|x86.Build.0 = Debug|Any CPU
		{1846A179-3163-4A87-B907-B04866E0C4E9}.Release|Any CPU.ActiveCfg = Release|Any CPU
		{1846A179-3163-4A87-B907-B04866E0C4E9}.Release|Any CPU.Build.0 = Release|Any CPU
		{1846A179-3163-4A87-B907-B04866E0C4E9}.Release|x64.ActiveCfg = Release|Any CPU
		{1846A179-3163-4A87-B907-B04866E0C4E9}.Release|x64.Build.0 = Release|Any CPU
		{1846A179-3163-4A87-B907-B04866E0C4E9}.Release|x86.ActiveCfg = Release|Any CPU
		{1846A179-3163-4A87-B907-B04866E0C4E9}.Release|x86.Build.0 = Release|Any CPU
		{52F50C65-A41A-46CB-9982-789DEBB34AF2}.Debug|Any CPU.ActiveCfg = Debug|Any CPU
		{52F50C65-A41A-46CB-9982-789DEBB34AF2}.Debug|Any CPU.Build.0 = Debug|Any CPU
		{52F50C65-A41A-46CB-9982-789DEBB34AF2}.Debug|x64.ActiveCfg = Debug|Any CPU
		{52F50C65-A41A-46CB-9982-789DEBB34AF2}.Debug|x64.Build.0 = Debug|Any CPU
		{52F50C65-A41A-46CB-9982-789DEBB34AF2}.Debug|x86.ActiveCfg = Debug|Any CPU
		{52F50C65-A41A-46CB-9982-789DEBB34AF2}.Debug|x86.Build.0 = Debug|Any CPU
		{52F50C65-A41A-46CB-9982-789DEBB34AF2}.Release|Any CPU.ActiveCfg = Release|Any CPU
		{52F50C65-A41A-46CB-9982-789DEBB34AF2}.Release|Any CPU.Build.0 = Release|Any CPU
		{52F50C65-A41A-46CB-9982-789DEBB34AF2}.Release|x64.ActiveCfg = Release|Any CPU
		{52F50C65-A41A-46CB-9982-789DEBB34AF2}.Release|x64.Build.0 = Release|Any CPU
		{52F50C65-A41A-46CB-9982-789DEBB34AF2}.Release|x86.ActiveCfg = Release|Any CPU
		{52F50C65-A41A-46CB-9982-789DEBB34AF2}.Release|x86.Build.0 = Release|Any CPU
		{1D6F4062-F7D7-4641-8153-4B4C49D4CAC1}.Debug|Any CPU.ActiveCfg = Debug|Any CPU
		{1D6F4062-F7D7-4641-8153-4B4C49D4CAC1}.Debug|Any CPU.Build.0 = Debug|Any CPU
		{1D6F4062-F7D7-4641-8153-4B4C49D4CAC1}.Debug|x64.ActiveCfg = Debug|Any CPU
		{1D6F4062-F7D7-4641-8153-4B4C49D4CAC1}.Debug|x64.Build.0 = Debug|Any CPU
		{1D6F4062-F7D7-4641-8153-4B4C49D4CAC1}.Debug|x86.ActiveCfg = Debug|Any CPU
		{1D6F4062-F7D7-4641-8153-4B4C49D4CAC1}.Debug|x86.Build.0 = Debug|Any CPU
		{1D6F4062-F7D7-4641-8153-4B4C49D4CAC1}.Release|Any CPU.ActiveCfg = Release|Any CPU
		{1D6F4062-F7D7-4641-8153-4B4C49D4CAC1}.Release|Any CPU.Build.0 = Release|Any CPU
		{1D6F4062-F7D7-4641-8153-4B4C49D4CAC1}.Release|x64.ActiveCfg = Release|Any CPU
		{1D6F4062-F7D7-4641-8153-4B4C49D4CAC1}.Release|x64.Build.0 = Release|Any CPU
		{1D6F4062-F7D7-4641-8153-4B4C49D4CAC1}.Release|x86.ActiveCfg = Release|Any CPU
		{1D6F4062-F7D7-4641-8153-4B4C49D4CAC1}.Release|x86.Build.0 = Release|Any CPU
		{BE6528A1-7232-4E01-8E4F-87A46FC6725E}.Debug|Any CPU.ActiveCfg = Debug|Any CPU
		{BE6528A1-7232-4E01-8E4F-87A46FC6725E}.Debug|Any CPU.Build.0 = Debug|Any CPU
		{BE6528A1-7232-4E01-8E4F-87A46FC6725E}.Debug|x64.ActiveCfg = Debug|Any CPU
		{BE6528A1-7232-4E01-8E4F-87A46FC6725E}.Debug|x64.Build.0 = Debug|Any CPU
		{BE6528A1-7232-4E01-8E4F-87A46FC6725E}.Debug|x86.ActiveCfg = Debug|Any CPU
		{BE6528A1-7232-4E01-8E4F-87A46FC6725E}.Debug|x86.Build.0 = Debug|Any CPU
		{BE6528A1-7232-4E01-8E4F-87A46FC6725E}.Release|Any CPU.ActiveCfg = Release|Any CPU
		{BE6528A1-7232-4E01-8E4F-87A46FC6725E}.Release|Any CPU.Build.0 = Release|Any CPU
		{BE6528A1-7232-4E01-8E4F-87A46FC6725E}.Release|x64.ActiveCfg = Release|Any CPU
		{BE6528A1-7232-4E01-8E4F-87A46FC6725E}.Release|x64.Build.0 = Release|Any CPU
		{BE6528A1-7232-4E01-8E4F-87A46FC6725E}.Release|x86.ActiveCfg = Release|Any CPU
		{BE6528A1-7232-4E01-8E4F-87A46FC6725E}.Release|x86.Build.0 = Release|Any CPU
		{EF886431-362C-4541-930A-24468F9C6056}.Debug|Any CPU.ActiveCfg = Debug|Any CPU
		{EF886431-362C-4541-930A-24468F9C6056}.Debug|Any CPU.Build.0 = Debug|Any CPU
		{EF886431-362C-4541-930A-24468F9C6056}.Debug|x64.ActiveCfg = Debug|Any CPU
		{EF886431-362C-4541-930A-24468F9C6056}.Debug|x64.Build.0 = Debug|Any CPU
		{EF886431-362C-4541-930A-24468F9C6056}.Debug|x86.ActiveCfg = Debug|Any CPU
		{EF886431-362C-4541-930A-24468F9C6056}.Debug|x86.Build.0 = Debug|Any CPU
		{EF886431-362C-4541-930A-24468F9C6056}.Release|Any CPU.ActiveCfg = Release|Any CPU
		{EF886431-362C-4541-930A-24468F9C6056}.Release|Any CPU.Build.0 = Release|Any CPU
		{EF886431-362C-4541-930A-24468F9C6056}.Release|x64.ActiveCfg = Release|Any CPU
		{EF886431-362C-4541-930A-24468F9C6056}.Release|x64.Build.0 = Release|Any CPU
		{EF886431-362C-4541-930A-24468F9C6056}.Release|x86.ActiveCfg = Release|Any CPU
		{EF886431-362C-4541-930A-24468F9C6056}.Release|x86.Build.0 = Release|Any CPU
		{2F69A131-2698-4797-A5C9-93B2C55B9A54}.Debug|Any CPU.ActiveCfg = Debug|Any CPU
		{2F69A131-2698-4797-A5C9-93B2C55B9A54}.Debug|Any CPU.Build.0 = Debug|Any CPU
		{2F69A131-2698-4797-A5C9-93B2C55B9A54}.Debug|x64.ActiveCfg = Debug|Any CPU
		{2F69A131-2698-4797-A5C9-93B2C55B9A54}.Debug|x64.Build.0 = Debug|Any CPU
		{2F69A131-2698-4797-A5C9-93B2C55B9A54}.Debug|x86.ActiveCfg = Debug|Any CPU
		{2F69A131-2698-4797-A5C9-93B2C55B9A54}.Debug|x86.Build.0 = Debug|Any CPU
		{2F69A131-2698-4797-A5C9-93B2C55B9A54}.Release|Any CPU.ActiveCfg = Release|Any CPU
		{2F69A131-2698-4797-A5C9-93B2C55B9A54}.Release|Any CPU.Build.0 = Release|Any CPU
		{2F69A131-2698-4797-A5C9-93B2C55B9A54}.Release|x64.ActiveCfg = Release|Any CPU
		{2F69A131-2698-4797-A5C9-93B2C55B9A54}.Release|x64.Build.0 = Release|Any CPU
		{2F69A131-2698-4797-A5C9-93B2C55B9A54}.Release|x86.ActiveCfg = Release|Any CPU
		{2F69A131-2698-4797-A5C9-93B2C55B9A54}.Release|x86.Build.0 = Release|Any CPU
		{CA1F13F4-2A45-4E0B-94E0-400EB21BFB7D}.Debug|Any CPU.ActiveCfg = Debug|Any CPU
		{CA1F13F4-2A45-4E0B-94E0-400EB21BFB7D}.Debug|Any CPU.Build.0 = Debug|Any CPU
		{CA1F13F4-2A45-4E0B-94E0-400EB21BFB7D}.Debug|x64.ActiveCfg = Debug|Any CPU
		{CA1F13F4-2A45-4E0B-94E0-400EB21BFB7D}.Debug|x64.Build.0 = Debug|Any CPU
		{CA1F13F4-2A45-4E0B-94E0-400EB21BFB7D}.Debug|x86.ActiveCfg = Debug|Any CPU
		{CA1F13F4-2A45-4E0B-94E0-400EB21BFB7D}.Debug|x86.Build.0 = Debug|Any CPU
		{CA1F13F4-2A45-4E0B-94E0-400EB21BFB7D}.Release|Any CPU.ActiveCfg = Release|Any CPU
		{CA1F13F4-2A45-4E0B-94E0-400EB21BFB7D}.Release|Any CPU.Build.0 = Release|Any CPU
		{CA1F13F4-2A45-4E0B-94E0-400EB21BFB7D}.Release|x64.ActiveCfg = Release|Any CPU
		{CA1F13F4-2A45-4E0B-94E0-400EB21BFB7D}.Release|x64.Build.0 = Release|Any CPU
		{CA1F13F4-2A45-4E0B-94E0-400EB21BFB7D}.Release|x86.ActiveCfg = Release|Any CPU
		{CA1F13F4-2A45-4E0B-94E0-400EB21BFB7D}.Release|x86.Build.0 = Release|Any CPU
		{2E239E29-E4F1-48EB-A216-F8A9E695F67A}.Debug|Any CPU.ActiveCfg = Debug|Any CPU
		{2E239E29-E4F1-48EB-A216-F8A9E695F67A}.Debug|Any CPU.Build.0 = Debug|Any CPU
		{2E239E29-E4F1-48EB-A216-F8A9E695F67A}.Debug|x64.ActiveCfg = Debug|Any CPU
		{2E239E29-E4F1-48EB-A216-F8A9E695F67A}.Debug|x64.Build.0 = Debug|Any CPU
		{2E239E29-E4F1-48EB-A216-F8A9E695F67A}.Debug|x86.ActiveCfg = Debug|Any CPU
		{2E239E29-E4F1-48EB-A216-F8A9E695F67A}.Debug|x86.Build.0 = Debug|Any CPU
		{2E239E29-E4F1-48EB-A216-F8A9E695F67A}.Release|Any CPU.ActiveCfg = Release|Any CPU
		{2E239E29-E4F1-48EB-A216-F8A9E695F67A}.Release|Any CPU.Build.0 = Release|Any CPU
		{2E239E29-E4F1-48EB-A216-F8A9E695F67A}.Release|x64.ActiveCfg = Release|Any CPU
		{2E239E29-E4F1-48EB-A216-F8A9E695F67A}.Release|x64.Build.0 = Release|Any CPU
		{2E239E29-E4F1-48EB-A216-F8A9E695F67A}.Release|x86.ActiveCfg = Release|Any CPU
		{2E239E29-E4F1-48EB-A216-F8A9E695F67A}.Release|x86.Build.0 = Release|Any CPU
		{F63BB005-90CB-4E58-949D-7131FABBA15A}.Debug|Any CPU.ActiveCfg = Debug|Any CPU
		{F63BB005-90CB-4E58-949D-7131FABBA15A}.Debug|Any CPU.Build.0 = Debug|Any CPU
		{F63BB005-90CB-4E58-949D-7131FABBA15A}.Debug|x64.ActiveCfg = Debug|Any CPU
		{F63BB005-90CB-4E58-949D-7131FABBA15A}.Debug|x64.Build.0 = Debug|Any CPU
		{F63BB005-90CB-4E58-949D-7131FABBA15A}.Debug|x86.ActiveCfg = Debug|Any CPU
		{F63BB005-90CB-4E58-949D-7131FABBA15A}.Debug|x86.Build.0 = Debug|Any CPU
		{F63BB005-90CB-4E58-949D-7131FABBA15A}.Release|Any CPU.ActiveCfg = Release|Any CPU
		{F63BB005-90CB-4E58-949D-7131FABBA15A}.Release|Any CPU.Build.0 = Release|Any CPU
		{F63BB005-90CB-4E58-949D-7131FABBA15A}.Release|x64.ActiveCfg = Release|Any CPU
		{F63BB005-90CB-4E58-949D-7131FABBA15A}.Release|x64.Build.0 = Release|Any CPU
		{F63BB005-90CB-4E58-949D-7131FABBA15A}.Release|x86.ActiveCfg = Release|Any CPU
		{F63BB005-90CB-4E58-949D-7131FABBA15A}.Release|x86.Build.0 = Release|Any CPU
		{A3C93D60-10DA-4280-80A6-B5119AFF88AB}.Debug|Any CPU.ActiveCfg = Debug|Any CPU
		{A3C93D60-10DA-4280-80A6-B5119AFF88AB}.Debug|Any CPU.Build.0 = Debug|Any CPU
		{A3C93D60-10DA-4280-80A6-B5119AFF88AB}.Debug|x64.ActiveCfg = Debug|Any CPU
		{A3C93D60-10DA-4280-80A6-B5119AFF88AB}.Debug|x64.Build.0 = Debug|Any CPU
		{A3C93D60-10DA-4280-80A6-B5119AFF88AB}.Debug|x86.ActiveCfg = Debug|Any CPU
		{A3C93D60-10DA-4280-80A6-B5119AFF88AB}.Debug|x86.Build.0 = Debug|Any CPU
		{A3C93D60-10DA-4280-80A6-B5119AFF88AB}.Release|Any CPU.ActiveCfg = Release|Any CPU
		{A3C93D60-10DA-4280-80A6-B5119AFF88AB}.Release|Any CPU.Build.0 = Release|Any CPU
		{A3C93D60-10DA-4280-80A6-B5119AFF88AB}.Release|x64.ActiveCfg = Release|Any CPU
		{A3C93D60-10DA-4280-80A6-B5119AFF88AB}.Release|x64.Build.0 = Release|Any CPU
		{A3C93D60-10DA-4280-80A6-B5119AFF88AB}.Release|x86.ActiveCfg = Release|Any CPU
		{A3C93D60-10DA-4280-80A6-B5119AFF88AB}.Release|x86.Build.0 = Release|Any CPU
		{C1D8F173-CF5F-4766-AE18-7903C6FCF831}.Debug|Any CPU.ActiveCfg = Debug|Any CPU
		{C1D8F173-CF5F-4766-AE18-7903C6FCF831}.Debug|Any CPU.Build.0 = Debug|Any CPU
		{C1D8F173-CF5F-4766-AE18-7903C6FCF831}.Debug|x64.ActiveCfg = Debug|Any CPU
		{C1D8F173-CF5F-4766-AE18-7903C6FCF831}.Debug|x64.Build.0 = Debug|Any CPU
		{C1D8F173-CF5F-4766-AE18-7903C6FCF831}.Debug|x86.ActiveCfg = Debug|Any CPU
		{C1D8F173-CF5F-4766-AE18-7903C6FCF831}.Debug|x86.Build.0 = Debug|Any CPU
		{C1D8F173-CF5F-4766-AE18-7903C6FCF831}.Release|Any CPU.ActiveCfg = Release|Any CPU
		{C1D8F173-CF5F-4766-AE18-7903C6FCF831}.Release|Any CPU.Build.0 = Release|Any CPU
		{C1D8F173-CF5F-4766-AE18-7903C6FCF831}.Release|x64.ActiveCfg = Release|Any CPU
		{C1D8F173-CF5F-4766-AE18-7903C6FCF831}.Release|x64.Build.0 = Release|Any CPU
		{C1D8F173-CF5F-4766-AE18-7903C6FCF831}.Release|x86.ActiveCfg = Release|Any CPU
		{C1D8F173-CF5F-4766-AE18-7903C6FCF831}.Release|x86.Build.0 = Release|Any CPU
		{EAAF5CFE-9592-4804-B90E-F0743E75666A}.Debug|Any CPU.ActiveCfg = Debug|Any CPU
		{EAAF5CFE-9592-4804-B90E-F0743E75666A}.Debug|Any CPU.Build.0 = Debug|Any CPU
		{EAAF5CFE-9592-4804-B90E-F0743E75666A}.Debug|x64.ActiveCfg = Debug|Any CPU
		{EAAF5CFE-9592-4804-B90E-F0743E75666A}.Debug|x64.Build.0 = Debug|Any CPU
		{EAAF5CFE-9592-4804-B90E-F0743E75666A}.Debug|x86.ActiveCfg = Debug|Any CPU
		{EAAF5CFE-9592-4804-B90E-F0743E75666A}.Debug|x86.Build.0 = Debug|Any CPU
		{EAAF5CFE-9592-4804-B90E-F0743E75666A}.Release|Any CPU.ActiveCfg = Release|Any CPU
		{EAAF5CFE-9592-4804-B90E-F0743E75666A}.Release|Any CPU.Build.0 = Release|Any CPU
		{EAAF5CFE-9592-4804-B90E-F0743E75666A}.Release|x64.ActiveCfg = Release|Any CPU
		{EAAF5CFE-9592-4804-B90E-F0743E75666A}.Release|x64.Build.0 = Release|Any CPU
		{EAAF5CFE-9592-4804-B90E-F0743E75666A}.Release|x86.ActiveCfg = Release|Any CPU
		{EAAF5CFE-9592-4804-B90E-F0743E75666A}.Release|x86.Build.0 = Release|Any CPU
		{82DF17F5-25F5-4F57-9943-50B33C7203B9}.Debug|Any CPU.ActiveCfg = Debug|Any CPU
		{82DF17F5-25F5-4F57-9943-50B33C7203B9}.Debug|Any CPU.Build.0 = Debug|Any CPU
		{82DF17F5-25F5-4F57-9943-50B33C7203B9}.Debug|x64.ActiveCfg = Debug|Any CPU
		{82DF17F5-25F5-4F57-9943-50B33C7203B9}.Debug|x64.Build.0 = Debug|Any CPU
		{82DF17F5-25F5-4F57-9943-50B33C7203B9}.Debug|x86.ActiveCfg = Debug|Any CPU
		{82DF17F5-25F5-4F57-9943-50B33C7203B9}.Debug|x86.Build.0 = Debug|Any CPU
		{82DF17F5-25F5-4F57-9943-50B33C7203B9}.Release|Any CPU.ActiveCfg = Release|Any CPU
		{82DF17F5-25F5-4F57-9943-50B33C7203B9}.Release|Any CPU.Build.0 = Release|Any CPU
		{82DF17F5-25F5-4F57-9943-50B33C7203B9}.Release|x64.ActiveCfg = Release|Any CPU
		{82DF17F5-25F5-4F57-9943-50B33C7203B9}.Release|x64.Build.0 = Release|Any CPU
		{82DF17F5-25F5-4F57-9943-50B33C7203B9}.Release|x86.ActiveCfg = Release|Any CPU
		{82DF17F5-25F5-4F57-9943-50B33C7203B9}.Release|x86.Build.0 = Release|Any CPU
		{41D184CC-C638-48EC-9BF7-C60AE717AF4E}.Debug|Any CPU.ActiveCfg = Debug|Any CPU
		{41D184CC-C638-48EC-9BF7-C60AE717AF4E}.Debug|Any CPU.Build.0 = Debug|Any CPU
		{41D184CC-C638-48EC-9BF7-C60AE717AF4E}.Debug|x64.ActiveCfg = Debug|Any CPU
		{41D184CC-C638-48EC-9BF7-C60AE717AF4E}.Debug|x64.Build.0 = Debug|Any CPU
		{41D184CC-C638-48EC-9BF7-C60AE717AF4E}.Debug|x86.ActiveCfg = Debug|Any CPU
		{41D184CC-C638-48EC-9BF7-C60AE717AF4E}.Debug|x86.Build.0 = Debug|Any CPU
		{41D184CC-C638-48EC-9BF7-C60AE717AF4E}.Release|Any CPU.ActiveCfg = Release|Any CPU
		{41D184CC-C638-48EC-9BF7-C60AE717AF4E}.Release|Any CPU.Build.0 = Release|Any CPU
		{41D184CC-C638-48EC-9BF7-C60AE717AF4E}.Release|x64.ActiveCfg = Release|Any CPU
		{41D184CC-C638-48EC-9BF7-C60AE717AF4E}.Release|x64.Build.0 = Release|Any CPU
		{41D184CC-C638-48EC-9BF7-C60AE717AF4E}.Release|x86.ActiveCfg = Release|Any CPU
		{41D184CC-C638-48EC-9BF7-C60AE717AF4E}.Release|x86.Build.0 = Release|Any CPU
		{23403BE5-E4C0-416A-8C97-3B4257C5DB70}.Debug|Any CPU.ActiveCfg = Debug|Any CPU
		{23403BE5-E4C0-416A-8C97-3B4257C5DB70}.Debug|Any CPU.Build.0 = Debug|Any CPU
		{23403BE5-E4C0-416A-8C97-3B4257C5DB70}.Debug|x64.ActiveCfg = Debug|Any CPU
		{23403BE5-E4C0-416A-8C97-3B4257C5DB70}.Debug|x64.Build.0 = Debug|Any CPU
		{23403BE5-E4C0-416A-8C97-3B4257C5DB70}.Debug|x86.ActiveCfg = Debug|Any CPU
		{23403BE5-E4C0-416A-8C97-3B4257C5DB70}.Debug|x86.Build.0 = Debug|Any CPU
		{23403BE5-E4C0-416A-8C97-3B4257C5DB70}.Release|Any CPU.ActiveCfg = Release|Any CPU
		{23403BE5-E4C0-416A-8C97-3B4257C5DB70}.Release|Any CPU.Build.0 = Release|Any CPU
		{23403BE5-E4C0-416A-8C97-3B4257C5DB70}.Release|x64.ActiveCfg = Release|Any CPU
		{23403BE5-E4C0-416A-8C97-3B4257C5DB70}.Release|x64.Build.0 = Release|Any CPU
		{23403BE5-E4C0-416A-8C97-3B4257C5DB70}.Release|x86.ActiveCfg = Release|Any CPU
		{23403BE5-E4C0-416A-8C97-3B4257C5DB70}.Release|x86.Build.0 = Release|Any CPU
	EndGlobalSection
	GlobalSection(SolutionProperties) = preSolution
		HideSolutionNode = FALSE
	EndGlobalSection
	GlobalSection(NestedProjects) = preSolution
		{0517E682-22E5-4E18-897F-6FCBDB034532} = {827E0CD3-B72D-47B6-A68D-7590B98EB39B}
		{1846A179-3163-4A87-B907-B04866E0C4E9} = {827E0CD3-B72D-47B6-A68D-7590B98EB39B}
		{52F50C65-A41A-46CB-9982-789DEBB34AF2} = {827E0CD3-B72D-47B6-A68D-7590B98EB39B}
		{1D6F4062-F7D7-4641-8153-4B4C49D4CAC1} = {827E0CD3-B72D-47B6-A68D-7590B98EB39B}
		{BE6528A1-7232-4E01-8E4F-87A46FC6725E} = {827E0CD3-B72D-47B6-A68D-7590B98EB39B}
		{EF886431-362C-4541-930A-24468F9C6056} = {827E0CD3-B72D-47B6-A68D-7590B98EB39B}
		{2F69A131-2698-4797-A5C9-93B2C55B9A54} = {827E0CD3-B72D-47B6-A68D-7590B98EB39B}
		{CA1F13F4-2A45-4E0B-94E0-400EB21BFB7D} = {827E0CD3-B72D-47B6-A68D-7590B98EB39B}
		{2E239E29-E4F1-48EB-A216-F8A9E695F67A} = {07C2787E-EAC7-C090-1BA3-A61EC2A24D84}
		{F63BB005-90CB-4E58-949D-7131FABBA15A} = {07C2787E-EAC7-C090-1BA3-A61EC2A24D84}
		{A3C93D60-10DA-4280-80A6-B5119AFF88AB} = {5D20AA90-6969-D8BD-9DCD-8634F4692FDA}
		{C1D8F173-CF5F-4766-AE18-7903C6FCF831} = {5D20AA90-6969-D8BD-9DCD-8634F4692FDA}
		{EAAF5CFE-9592-4804-B90E-F0743E75666A} = {5D20AA90-6969-D8BD-9DCD-8634F4692FDA}
		{82DF17F5-25F5-4F57-9943-50B33C7203B9} = {0AB3BF05-4346-4AA6-1389-037BE0695223}
		{41D184CC-C638-48EC-9BF7-C60AE717AF4E} = {0AB3BF05-4346-4AA6-1389-037BE0695223}
		{23403BE5-E4C0-416A-8C97-3B4257C5DB70} = {0AB3BF05-4346-4AA6-1389-037BE0695223}
	EndGlobalSection
EndGlobal
